<?xml version="1.0" encoding="utf-8"?>
<Project ToolsVersion="4.0" xmlns="http://schemas.microsoft.com/developer/msbuild/2003">
  <ItemGroup>
    <Filter Include="Source Files">
      <UniqueIdentifier>{4FC737F1-C7A5-4376-A066-2A32D752A2FF}</UniqueIdentifier>
      <Extensions>cpp;c;cc;cxx;def;odl;idl;hpj;bat;asm;asmx</Extensions>
    </Filter>
    <Filter Include="Header Files">
      <UniqueIdentifier>{93995380-89BD-4b04-88EB-625FBE52EBFB}</UniqueIdentifier>
      <Extensions>h;hh;hpp;hxx;hm;inl;inc;ipp;xsd</Extensions>
    </Filter>
    <Filter Include="Resource Files">
      <UniqueIdentifier>{67DA6AB6-F800-4c08-8B7A-83BB121AAD01}</UniqueIdentifier>
      <Extensions>rc;ico;cur;bmp;dlg;rc2;rct;bin;rgs;gif;jpg;jpeg;jpe;resx;tiff;tif;png;wav;mfcribbon-ms</Extensions>
    </Filter>
    <Filter Include="HexCtrl">
      <UniqueIdentifier>{a019b676-4319-4bdb-87c2-0cb6bee39ee9}</UniqueIdentifier>
    </Filter>
    <Filter Include="HexCtrl\res">
      <UniqueIdentifier>{eca1e90a-6d14-4292-b486-bd1145ca78a3}</UniqueIdentifier>
    </Filter>
    <Filter Include="HexCtrl\src">
      <UniqueIdentifier>{cfb1d6e6-c87f-4f1e-880c-bddfba254356}</UniqueIdentifier>
    </Filter>
    <Filter Include="HexCtrl\src\Dialogs">
      <UniqueIdentifier>{7ce252fb-6c63-4494-be63-7c19f6307aa6}</UniqueIdentifier>
    </Filter>
    <Filter Include="HexCtrl\src\ListEx">
      <UniqueIdentifier>{9a5e99da-ed6b-4f06-afd3-cd83a7abc08c}</UniqueIdentifier>
    </Filter>
  </ItemGroup>
  <ItemGroup>
    <ClInclude Include="HexSample.h">
      <Filter>Header Files</Filter>
    </ClInclude>
    <ClInclude Include="HexSampleDlg.h">
      <Filter>Header Files</Filter>
    </ClInclude>
    <ClInclude Include="stdafx.h">
      <Filter>Header Files</Filter>
    </ClInclude>
    <ClInclude Include="targetver.h">
      <Filter>Header Files</Filter>
    </ClInclude>
    <ClInclude Include="Resource.h">
      <Filter>Header Files</Filter>
    </ClInclude>
    <ClInclude Include="..\HexCtrl\res\HexCtrlRes.h">
      <Filter>HexCtrl\res</Filter>
    </ClInclude>
    <ClInclude Include="..\HexCtrl\src\Helper.h">
      <Filter>HexCtrl\src</Filter>
    </ClInclude>
    <ClInclude Include="..\HexCtrl\HexCtrl.h">
      <Filter>HexCtrl</Filter>
    </ClInclude>
    <ClInclude Include="..\HexCtrl\src\CHexCtrl.h">
      <Filter>HexCtrl\src</Filter>
    </ClInclude>
    <ClInclude Include="..\HexCtrl\src\CScrollEx.h">
      <Filter>HexCtrl\src</Filter>
    </ClInclude>
    <ClInclude Include="..\HexCtrl\src\Dialogs\CHexDlgAbout.h">
      <Filter>HexCtrl\src\Dialogs</Filter>
    </ClInclude>
    <ClInclude Include="..\HexCtrl\src\Dialogs\CHexDlgSearch.h">
      <Filter>HexCtrl\src\Dialogs</Filter>
    </ClInclude>
    <ClInclude Include="..\HexCtrl\src\CHexBookmarks.h">
      <Filter>HexCtrl\src</Filter>
    </ClInclude>
    <ClInclude Include="..\HexCtrl\src\Dialogs\CHexDlgOperations.h">
      <Filter>HexCtrl\src\Dialogs</Filter>
    </ClInclude>
    <ClInclude Include="..\HexCtrl\src\Dialogs\CHexDlgFillWith.h">
      <Filter>HexCtrl\src\Dialogs</Filter>
    </ClInclude>
    <ClInclude Include="..\HexCtrl\src\Dialogs\CHexDlgBookmarkMgr.h">
      <Filter>HexCtrl\src\Dialogs</Filter>
    </ClInclude>
    <ClInclude Include="..\HexCtrl\src\Dialogs\CHexDlgBookmarkProps.h">
      <Filter>HexCtrl\src\Dialogs</Filter>
    </ClInclude>
    <ClInclude Include="..\HexCtrl\src\CHexSelection.h">
      <Filter>HexCtrl\src</Filter>
    </ClInclude>
    <ClInclude Include="..\HexCtrl\src\Dialogs\CHexDlgDataInterpret.h">
      <Filter>HexCtrl\src\Dialogs</Filter>
    </ClInclude>
    <ClInclude Include="..\HexCtrl\src\Dialogs\CHexEdit.h">
      <Filter>HexCtrl\src\Dialogs</Filter>
    </ClInclude>
    <ClInclude Include="..\HexCtrl\src\ListEx\ListEx.h">
      <Filter>HexCtrl\src\ListEx</Filter>
    </ClInclude>
    <ClInclude Include="..\HexCtrl\src\ListEx\src\CListEx.h">
      <Filter>HexCtrl\src\ListEx</Filter>
    </ClInclude>
    <ClInclude Include="..\HexCtrl\src\ListEx\src\CListExHdr.h">
      <Filter>HexCtrl\src\ListEx</Filter>
    </ClInclude>
  </ItemGroup>
  <ItemGroup>
    <ClCompile Include="HexSample.cpp">
      <Filter>Source Files</Filter>
    </ClCompile>
    <ClCompile Include="HexSampleDlg.cpp">
      <Filter>Source Files</Filter>
    </ClCompile>
    <ClCompile Include="stdafx.cpp">
      <Filter>Source Files</Filter>
    </ClCompile>
    <ClCompile Include="..\HexCtrl\src\Helper.cpp">
      <Filter>HexCtrl\src</Filter>
    </ClCompile>
    <ClCompile Include="..\HexCtrl\src\CHexCtrl.cpp">
      <Filter>HexCtrl\src</Filter>
    </ClCompile>
    <ClCompile Include="..\HexCtrl\src\CScrollEx.cpp">
      <Filter>HexCtrl\src</Filter>
    </ClCompile>
    <ClCompile Include="..\HexCtrl\src\Dialogs\CHexDlgAbout.cpp">
      <Filter>HexCtrl\src\Dialogs</Filter>
    </ClCompile>
    <ClCompile Include="..\HexCtrl\src\Dialogs\CHexDlgSearch.cpp">
      <Filter>HexCtrl\src\Dialogs</Filter>
    </ClCompile>
    <ClCompile Include="..\HexCtrl\src\CHexBookmarks.cpp">
      <Filter>HexCtrl\src</Filter>
    </ClCompile>
    <ClCompile Include="..\HexCtrl\src\Dialogs\CHexDlgOperations.cpp">
      <Filter>HexCtrl\src\Dialogs</Filter>
    </ClCompile>
    <ClCompile Include="..\HexCtrl\src\Dialogs\CHexDlgFillWith.cpp">
      <Filter>HexCtrl\src\Dialogs</Filter>
    </ClCompile>
    <ClCompile Include="..\HexCtrl\src\Dialogs\CHexDlgBookmarkMgr.cpp">
      <Filter>HexCtrl\src\Dialogs</Filter>
    </ClCompile>
    <ClCompile Include="..\HexCtrl\src\Dialogs\CHexDlgBookmarkProps.cpp">
      <Filter>HexCtrl\src\Dialogs</Filter>
    </ClCompile>
    <ClCompile Include="..\HexCtrl\src\CHexSelection.cpp">
      <Filter>HexCtrl\src</Filter>
    </ClCompile>
    <ClCompile Include="..\HexCtrl\src\Dialogs\CHexDlgDataInterpret.cpp">
      <Filter>HexCtrl\src\Dialogs</Filter>
    </ClCompile>
    <ClCompile Include="..\HexCtrl\src\Dialogs\CHexEdit.cpp">
      <Filter>HexCtrl\src\Dialogs</Filter>
    </ClCompile>
    <ClCompile Include="..\HexCtrl\src\ListEx\src\CListEx.cpp">
      <Filter>HexCtrl\src\ListEx</Filter>
    </ClCompile>
    <ClCompile Include="..\HexCtrl\src\ListEx\src\CListExHdr.cpp">
      <Filter>HexCtrl\src\ListEx</Filter>
    </ClCompile>
  </ItemGroup>
  <ItemGroup>
    <ResourceCompile Include="HexSample.rc">
      <Filter>Resource Files</Filter>
    </ResourceCompile>
    <ResourceCompile Include="..\HexCtrl\res\HexCtrl.rc">
      <Filter>HexCtrl\res</Filter>
    </ResourceCompile>
  </ItemGroup>
  <ItemGroup>
    <None Include="res\HexSample.rc2">
      <Filter>Resource Files</Filter>
    </None>
  </ItemGroup>
  <ItemGroup>
    <Image Include="res\HexSample.ico">
      <Filter>Resource Files</Filter>
    </Image>
    <Image Include="..\HexCtrl\res\ScrollExH.bmp">
      <Filter>HexCtrl\res</Filter>
    </Image>
    <Image Include="..\HexCtrl\res\ScrollExV.bmp">
      <Filter>HexCtrl\res</Filter>
    </Image>
    <Image Include="..\HexCtrl\res\MenuCopy.bmp">
      <Filter>HexCtrl\res</Filter>
    </Image>
    <Image Include="..\HexCtrl\res\MenuPaste.bmp">
      <Filter>HexCtrl\res</Filter>
    </Image>
    <Image Include="..\HexCtrl\res\HexCtrlIcon.bmp">
      <Filter>HexCtrl\res</Filter>
    </Image>
    <Image Include="..\HexCtrl\res\MenuFillZeros.bmp">
      <Filter>HexCtrl\res</Filter>
    </Image>
  </ItemGroup>
</Project>