
Microsoft Visual Studio Solution File, Format Version 12.00
# Visual Studio 15
VisualStudioVersion = 15.0.28307.421
MinimumVisualStudioVersion = 10.0.40219.1
Project("{8BC9CEB8-8B4A-11D0-8D11-00A0C91BC942}") = "HexSample", "HexCtrlSample\HexCtrlSample.vcxproj", "{780C336D-23D1-4A79-A0DA-E6296E63C8A0}"
EndProject
Global
	GlobalSection(SolutionConfigurationPlatforms) = preSolution
		Debug|x64 = Debug|x64
		Debug|x86 = Debug|x86
		Release|x64 = Release|x64
		Release|x86 = Release|x86
	EndGlobalSection
	GlobalSection(ProjectConfigurationPlatforms) = postSolution
		{780C336D-23D1-4A79-A0DA-E6296E63C8A0}.Debug|x64.ActiveCfg = Debug|x64
		{780C336D-23D1-4A79-A0DA-E6296E63C8A0}.Debug|x64.Build.0 = Debug|x64
		{780C336D-23D1-4A79-A0DA-E6296E63C8A0}.Debug|x86.ActiveCfg = Debug|Win32
		{780C336D-23D1-4A79-A0DA-E6296E63C8A0}.Debug|x86.Build.0 = Debug|Win32
		{780C336D-23D1-4A79-A0DA-E6296E63C8A0}.Release|x64.ActiveCfg = Release|x64
		{780C336D-23D1-4A79-A0DA-E6296E63C8A0}.Release|x64.Build.0 = Release|x64
		{780C336D-23D1-4A79-A0DA-E6296E63C8A0}.Release|x86.ActiveCfg = Release|Win32
		{780C336D-23D1-4A79-A0DA-E6296E63C8A0}.Release|x86.Build.0 = Release|Win32
	EndGlobalSection
	GlobalSection(SolutionProperties) = preSolution
		HideSolutionNode = FALSE
	EndGlobalSection
	GlobalSection(ExtensibilityGlobals) = postSolution
		SolutionGuid = {C9A1C129-6849-4F26-A07B-7C0C2A6B6A2D}
	EndGlobalSection
EndGlobal
