<?xml version="1.0" encoding="utf-8"?>
<Project ToolsVersion="4.0" xmlns="http://schemas.microsoft.com/developer/msbuild/2003">
  <ItemGroup>
    <Filter Include="Source Files">
      <UniqueIdentifier>{4FC737F1-C7A5-4376-A066-2A32D752A2FF}</UniqueIdentifier>
      <Extensions>cpp;c;cc;cxx;def;odl;idl;hpj;bat;asm;asmx</Extensions>
    </Filter>
    <Filter Include="Header Files">
      <UniqueIdentifier>{93995380-89BD-4b04-88EB-625FBE52EBFB}</UniqueIdentifier>
      <Extensions>h;hh;hpp;hxx;hm;inl;inc;ipp;xsd</Extensions>
    </Filter>
    <Filter Include="Resource Files">
      <UniqueIdentifier>{67DA6AB6-F800-4c08-8B7A-83BB121AAD01}</UniqueIdentifier>
      <Extensions>rc;ico;cur;bmp;dlg;rc2;rct;bin;rgs;gif;jpg;jpeg;jpe;resx;tiff;tif;png;wav;mfcribbon-ms</Extensions>
    </Filter>
    <Filter Include="HexCtrl">
      <UniqueIdentifier>{eb7cd20c-0b62-4837-a47a-cb5120d36e09}</UniqueIdentifier>
    </Filter>
    <Filter Include="HexCtrl\res">
      <UniqueIdentifier>{4afc2d8b-adfd-49d1-b114-e9f209ebc6a4}</UniqueIdentifier>
    </Filter>
    <Filter Include="HexCtrl\src">
      <UniqueIdentifier>{d89197a7-599d-461f-9dcf-f1f64f75bb76}</UniqueIdentifier>
    </Filter>
    <Filter Include="HexCtrl\src\Dialogs">
      <UniqueIdentifier>{52879e38-9694-4849-b0e0-2ec6a15331d4}</UniqueIdentifier>
    </Filter>
  </ItemGroup>
  <ItemGroup>
    <ClInclude Include="..\HexCtrl\HexCtrl.h">
      <Filter>HexCtrl</Filter>
    </ClInclude>
    <ClInclude Include="..\HexCtrl\res\HexCtrlRes.h">
      <Filter>HexCtrl\res</Filter>
    </ClInclude>
    <ClInclude Include="..\HexCtrl\src\Helper.h">
      <Filter>HexCtrl\src</Filter>
    </ClInclude>
    <ClInclude Include="..\HexCtrl\src\CHexCtrl.h">
      <Filter>HexCtrl\src</Filter>
    </ClInclude>
    <ClInclude Include="..\HexCtrl\src\CScrollEx.h">
      <Filter>HexCtrl\src</Filter>
    </ClInclude>
    <ClInclude Include="..\HexCtrl\src\Dialogs\CHexDlgAbout.h">
      <Filter>HexCtrl\src\Dialogs</Filter>
    </ClInclude>
    <ClInclude Include="..\HexCtrl\src\Dialogs\CHexDlgSearch.h">
      <Filter>HexCtrl\src\Dialogs</Filter>
    </ClInclude>
    <ClInclude Include="..\HexCtrlSample\stdafx.h">
      <Filter>Header Files</Filter>
    </ClInclude>
  </ItemGroup>
  <ItemGroup>
    <ClCompile Include="..\HexCtrl\src\Helper.cpp">
      <Filter>HexCtrl\src</Filter>
    </ClCompile>
    <ClCompile Include="..\HexCtrl\src\CHexCtrl.cpp">
      <Filter>HexCtrl\src</Filter>
    </ClCompile>
    <ClCompile Include="..\HexCtrl\src\CScrollEx.cpp">
      <Filter>HexCtrl\src</Filter>
    </ClCompile>
    <ClCompile Include="..\HexCtrl\src\Dialogs\CHexDlgAbout.cpp">
      <Filter>HexCtrl\src\Dialogs</Filter>
    </ClCompile>
    <ClCompile Include="..\HexCtrl\src\Dialogs\CHexDlgSearch.cpp">
      <Filter>HexCtrl\src\Dialogs</Filter>
    </ClCompile>
    <ClCompile Include="..\HexCtrlSample\stdafx.cpp">
      <Filter>Source Files</Filter>
    </ClCompile>
  </ItemGroup>
  <ItemGroup>
    <ResourceCompile Include="..\HexCtrl\res\HexCtrl.rc">
      <Filter>HexCtrl\res</Filter>
    </ResourceCompile>
  </ItemGroup>
  <ItemGroup>
    <Image Include="..\HexCtrl\res\HexCtrlIcon.bmp">
      <Filter>HexCtrl\res</Filter>
    </Image>
    <Image Include="..\HexCtrl\res\MenuCopy.bmp">
      <Filter>HexCtrl\res</Filter>
    </Image>
    <Image Include="..\HexCtrl\res\MenuPaste.bmp">
      <Filter>HexCtrl\res</Filter>
    </Image>
    <Image Include="..\HexCtrl\res\ScrollExH.bmp">
      <Filter>HexCtrl\res</Filter>
    </Image>
    <Image Include="..\HexCtrl\res\ScrollExV.bmp">
      <Filter>HexCtrl\res</Filter>
    </Image>
    <Image Include="..\HexCtrl\res\MenuFillZeros.bmp">
      <Filter>HexCtrl\res</Filter>
    </Image>
  </ItemGroup>
</Project>