<?xml version="1.0" encoding="utf-8"?>
<Project ToolsVersion="4.0" xmlns="http://schemas.microsoft.com/developer/msbuild/2003">
  <ItemGroup>
    <Filter Include="Source Files">
      <UniqueIdentifier>{4FC737F1-C7A5-4376-A066-2A32D752A2FF}</UniqueIdentifier>
      <Extensions>cpp;c;cc;cxx;def;odl;idl;hpj;bat;asm;asmx</Extensions>
    </Filter>
    <Filter Include="Header Files">
      <UniqueIdentifier>{93995380-89BD-4b04-88EB-625FBE52EBFB}</UniqueIdentifier>
      <Extensions>h;hh;hpp;hxx;hm;inl;inc;ipp;xsd</Extensions>
    </Filter>
    <Filter Include="Resource Files">
      <UniqueIdentifier>{67DA6AB6-F800-4c08-8B7A-83BB121AAD01}</UniqueIdentifier>
      <Extensions>rc;ico;cur;bmp;dlg;rc2;rct;bin;rgs;gif;jpg;jpeg;jpe;resx;tiff;tif;png;wav;mfcribbon-ms</Extensions>
    </Filter>
    <Filter Include="HexCtrl">
      <UniqueIdentifier>{0fb4c4e2-3f02-4092-b0da-b55cb53f38f3}</UniqueIdentifier>
    </Filter>
    <Filter Include="HexCtrl\src">
      <UniqueIdentifier>{1729525a-8a2b-4935-9107-0009e0217d20}</UniqueIdentifier>
    </Filter>
    <Filter Include="HexCtrl\src\Dialogs">
      <UniqueIdentifier>{0becc961-d3d6-4eb8-8971-ef70826d03f0}</UniqueIdentifier>
    </Filter>
    <Filter Include="HexCtrl\res">
      <UniqueIdentifier>{16dccc5a-e19f-479d-8849-fdb931183580}</UniqueIdentifier>
    </Filter>
    <Filter Include="HexCtrl\dep">
      <UniqueIdentifier>{984a8795-1189-4850-81e8-b2f14ebf46b6}</UniqueIdentifier>
    </Filter>
    <Filter Include="HexCtrl\dep\ListEx">
      <UniqueIdentifier>{3e97ec96-7cff-4b05-8e71-94e34fb97804}</UniqueIdentifier>
    </Filter>
  </ItemGroup>
  <ItemGroup>
    <ClInclude Include="..\Sample Project\stdafx.h">
      <Filter>Header Files</Filter>
    </ClInclude>
    <ClInclude Include="..\..\HexCtrl\HexCtrl.h">
      <Filter>HexCtrl</Filter>
    </ClInclude>
    <ClInclude Include="..\..\HexCtrl\src\CHexCtrl.h">
      <Filter>HexCtrl\src</Filter>
    </ClInclude>
    <ClInclude Include="..\..\HexCtrl\src\CHexSelection.h">
      <Filter>HexCtrl\src</Filter>
    </ClInclude>
    <ClInclude Include="..\..\HexCtrl\src\CScrollEx.h">
      <Filter>HexCtrl\src</Filter>
    </ClInclude>
    <ClInclude Include="..\..\HexCtrl\src\Dialogs\CHexDlgBkmMgr.h">
      <Filter>HexCtrl\src\Dialogs</Filter>
    </ClInclude>
    <ClInclude Include="..\..\HexCtrl\src\Dialogs\CHexDlgCallback.h">
      <Filter>HexCtrl\src\Dialogs</Filter>
    </ClInclude>
    <ClInclude Include="..\..\HexCtrl\src\Dialogs\CHexDlgCodepage.h">
      <Filter>HexCtrl\src\Dialogs</Filter>
    </ClInclude>
    <ClInclude Include="..\..\HexCtrl\src\Dialogs\CHexDlgFillData.h">
      <Filter>HexCtrl\src\Dialogs</Filter>
    </ClInclude>
    <ClInclude Include="..\..\HexCtrl\src\Dialogs\CHexDlgSearch.h">
      <Filter>HexCtrl\src\Dialogs</Filter>
    </ClInclude>
    <ClInclude Include="..\..\HexCtrl\res\HexCtrlRes.h">
      <Filter>HexCtrl\res</Filter>
    </ClInclude>
    <ClInclude Include="..\..\HexCtrl\src\Dialogs\CHexDlgGoTo.h">
      <Filter>HexCtrl\src\Dialogs</Filter>
    </ClInclude>
    <ClInclude Include="..\..\HexCtrl\src\Dialogs\CHexDlgDataInterp.h">
      <Filter>HexCtrl\src\Dialogs</Filter>
    </ClInclude>
    <ClInclude Include="..\..\HexCtrl\src\Dialogs\CHexDlgOpers.h">
      <Filter>HexCtrl\src\Dialogs</Filter>
    </ClInclude>
    <ClInclude Include="..\..\HexCtrl\src\HexUtility.h">
      <Filter>HexCtrl\src</Filter>
    </ClInclude>
    <ClInclude Include="..\..\HexCtrl\dep\ListEx\ListEx.h">
      <Filter>HexCtrl\dep\ListEx</Filter>
    </ClInclude>
    <ClInclude Include="..\..\HexCtrl\src\Dialogs\CHexDlgTemplMgr.h">
      <Filter>HexCtrl\src\Dialogs</Filter>
    </ClInclude>
    <ClInclude Include="..\..\HexCtrl\src\Dialogs\CHexDlgModify.h">
      <Filter>HexCtrl\src\Dialogs</Filter>
    </ClInclude>
  </ItemGroup>
  <ItemGroup>
    <ClCompile Include="..\Sample Project\stdafx.cpp">
      <Filter>Source Files</Filter>
    </ClCompile>
    <ClCompile Include="..\..\HexCtrl\src\CHexCtrl.cpp">
      <Filter>HexCtrl\src</Filter>
    </ClCompile>
    <ClCompile Include="..\..\HexCtrl\src\CHexSelection.cpp">
      <Filter>HexCtrl\src</Filter>
    </ClCompile>
    <ClCompile Include="..\..\HexCtrl\src\CScrollEx.cpp">
      <Filter>HexCtrl\src</Filter>
    </ClCompile>
    <ClCompile Include="..\..\HexCtrl\src\Dialogs\CHexDlgBkmMgr.cpp">
      <Filter>HexCtrl\src\Dialogs</Filter>
    </ClCompile>
    <ClCompile Include="..\..\HexCtrl\src\Dialogs\CHexDlgCallback.cpp">
      <Filter>HexCtrl\src\Dialogs</Filter>
    </ClCompile>
    <ClCompile Include="..\..\HexCtrl\src\Dialogs\CHexDlgCodepage.cpp">
      <Filter>HexCtrl\src\Dialogs</Filter>
    </ClCompile>
    <ClCompile Include="..\..\HexCtrl\src\Dialogs\CHexDlgFillData.cpp">
      <Filter>HexCtrl\src\Dialogs</Filter>
    </ClCompile>
    <ClCompile Include="..\..\HexCtrl\src\Dialogs\CHexDlgSearch.cpp">
      <Filter>HexCtrl\src\Dialogs</Filter>
    </ClCompile>
    <ClCompile Include="..\..\HexCtrl\src\Dialogs\CHexDlgGoTo.cpp">
      <Filter>HexCtrl\src\Dialogs</Filter>
    </ClCompile>
    <ClCompile Include="..\..\HexCtrl\src\Dialogs\CHexDlgDataInterp.cpp">
      <Filter>HexCtrl\src\Dialogs</Filter>
    </ClCompile>
    <ClCompile Include="..\..\HexCtrl\src\Dialogs\CHexDlgOpers.cpp">
      <Filter>HexCtrl\src\Dialogs</Filter>
    </ClCompile>
    <ClCompile Include="..\..\HexCtrl\src\HexUtility.cpp">
      <Filter>HexCtrl\src</Filter>
    </ClCompile>
    <ClCompile Include="..\..\HexCtrl\dep\ListEx\CListEx.cpp">
      <Filter>HexCtrl\dep\ListEx</Filter>
    </ClCompile>
    <ClCompile Include="..\..\HexCtrl\src\Dialogs\CHexDlgTemplMgr.cpp">
      <Filter>HexCtrl\src\Dialogs</Filter>
    </ClCompile>
    <ClCompile Include="..\..\HexCtrl\src\Dialogs\CHexDlgModify.cpp">
      <Filter>HexCtrl\src\Dialogs</Filter>
    </ClCompile>
  </ItemGroup>
  <ItemGroup>
    <ResourceCompile Include="..\..\HexCtrl\res\HexCtrl.rc">
      <Filter>HexCtrl\res</Filter>
    </ResourceCompile>
  </ItemGroup>
  <ItemGroup>
    <Image Include="..\..\HexCtrl\res\IDB_HEXCTRL_BKMS.bmp">
      <Filter>HexCtrl\res</Filter>
    </Image>
    <Image Include="..\..\HexCtrl\res\IDB_HEXCTRL_CLPBRD_COPYHEX.bmp">
      <Filter>HexCtrl\res</Filter>
    </Image>
    <Image Include="..\..\HexCtrl\res\IDB_HEXCTRL_CLPBRD_PASTEHEX.bmp">
      <Filter>HexCtrl\res</Filter>
    </Image>
    <Image Include="..\..\HexCtrl\res\IDB_HEXCTRL_LOGO.bmp">
      <Filter>HexCtrl\res</Filter>
    </Image>
    <Image Include="..\..\HexCtrl\res\IDB_HEXCTRL_MODIFY.bmp">
      <Filter>HexCtrl\res</Filter>
    </Image>
    <Image Include="..\..\HexCtrl\res\IDB_HEXCTRL_MODIFY_FILLZEROS.bmp">
      <Filter>HexCtrl\res</Filter>
    </Image>
    <Image Include="..\..\HexCtrl\res\IDB_HEXCTRL_SCROLL_ARROW.bmp">
      <Filter>HexCtrl\res</Filter>
    </Image>
    <Image Include="..\..\HexCtrl\res\IDB_HEXCTRL_SEARCH.bmp">
      <Filter>HexCtrl\res</Filter>
    </Image>
    <Image Include="..\..\HexCtrl\res\IDB_HEXCTRL_GROUP.bmp">
      <Filter>HexCtrl\res</Filter>
    </Image>
    <Image Include="..\..\HexCtrl\res\IDB_HEXCTRL_FONTCHOOSE.bmp">
      <Filter>HexCtrl\res</Filter>
    </Image>
    <Image Include="..\..\HexCtrl\res\IDB_HEXCTRL_DATAINTERP.bmp">
      <Filter>HexCtrl\res</Filter>
    </Image>
  </ItemGroup>
  <ItemGroup>
    <None Include="..\..\HexCtrl\res\IDJ_HEXCTRL_KEYBIND.json">
      <Filter>HexCtrl\res</Filter>
    </None>
  </ItemGroup>
</Project>