<?xml version="1.0" encoding="utf-8"?>
<Project ToolsVersion="4.0" xmlns="http://schemas.microsoft.com/developer/msbuild/2003">
  <ItemGroup>
    <Filter Include="Source Files">
      <UniqueIdentifier>{4FC737F1-C7A5-4376-A066-2A32D752A2FF}</UniqueIdentifier>
      <Extensions>cpp;c;cc;cxx;c++;cppm;ixx;def;odl;idl;hpj;bat;asm;asmx</Extensions>
    </Filter>
    <Filter Include="Header Files">
      <UniqueIdentifier>{93995380-89BD-4b04-88EB-625FBE52EBFB}</UniqueIdentifier>
      <Extensions>h;hh;hpp;hxx;h++;hm;inl;inc;ipp;xsd</Extensions>
    </Filter>
    <Filter Include="Resource Files">
      <UniqueIdentifier>{67DA6AB6-F800-4c08-8B7A-83BB121AAD01}</UniqueIdentifier>
      <Extensions>rc;ico;cur;bmp;dlg;rc2;rct;bin;rgs;gif;jpg;jpeg;jpe;resx;tiff;tif;png;wav;mfcribbon-ms</Extensions>
    </Filter>
    <Filter Include="HexCtrl">
      <UniqueIdentifier>{e170fbce-ce5d-4f49-a106-089f364c7787}</UniqueIdentifier>
    </Filter>
    <Filter Include="HexCtrl\src">
      <UniqueIdentifier>{8072b901-fd2c-4478-a727-402d44788a03}</UniqueIdentifier>
    </Filter>
    <Filter Include="HexCtrl\src\res">
      <UniqueIdentifier>{a0e89472-1f80-4529-99b0-10138f73f8b2}</UniqueIdentifier>
    </Filter>
    <Filter Include="HexCtrl\src\dep">
      <UniqueIdentifier>{a74ae6b7-bbb2-4fc4-8f14-d9df14fa0a61}</UniqueIdentifier>
    </Filter>
  </ItemGroup>
  <ItemGroup>
    <ClInclude Include="framework.h">
      <Filter>Header Files</Filter>
    </ClInclude>
    <ClInclude Include="targetver.h">
      <Filter>Header Files</Filter>
    </ClInclude>
    <ClInclude Include="Resource.h">
      <Filter>Header Files</Filter>
    </ClInclude>
    <ClInclude Include="Win32 App.h">
      <Filter>Header Files</Filter>
    </ClInclude>
    <ClInclude Include="stdafx.h">
      <Filter>Header Files</Filter>
    </ClInclude>
    <ClInclude Include="..\..\HexCtrl\HexCtrl.h">
      <Filter>HexCtrl</Filter>
    </ClInclude>
    <ClInclude Include="..\..\HexCtrl\src\res\HexCtrlRes.h">
      <Filter>HexCtrl\src\res</Filter>
    </ClInclude>
  </ItemGroup>
  <ItemGroup>
    <ClCompile Include="Win32 App.cpp">
      <Filter>Source Files</Filter>
    </ClCompile>
    <ClCompile Include="stdafx.cpp">
      <Filter>Source Files</Filter>
    </ClCompile>
    <ClCompile Include="..\..\HexCtrl\src\CHexDlgBkmMgr.ixx">
      <Filter>HexCtrl\src</Filter>
    </ClCompile>
    <ClCompile Include="..\..\HexCtrl\src\CHexDlgCodepage.ixx">
      <Filter>HexCtrl\src</Filter>
    </ClCompile>
    <ClCompile Include="..\..\HexCtrl\src\CHexDlgDataInterp.ixx">
      <Filter>HexCtrl\src</Filter>
    </ClCompile>
    <ClCompile Include="..\..\HexCtrl\src\CHexDlgGoTo.ixx">
      <Filter>HexCtrl\src</Filter>
    </ClCompile>
    <ClCompile Include="..\..\HexCtrl\src\CHexDlgModify.ixx">
      <Filter>HexCtrl\src</Filter>
    </ClCompile>
    <ClCompile Include="..\..\HexCtrl\src\CHexDlgProgress.ixx">
      <Filter>HexCtrl\src</Filter>
    </ClCompile>
    <ClCompile Include="..\..\HexCtrl\src\CHexDlgSearch.ixx">
      <Filter>HexCtrl\src</Filter>
    </ClCompile>
    <ClCompile Include="..\..\HexCtrl\src\CHexDlgTemplMgr.ixx">
      <Filter>HexCtrl\src</Filter>
    </ClCompile>
    <ClCompile Include="..\..\HexCtrl\src\CHexSelection.ixx">
      <Filter>HexCtrl\src</Filter>
    </ClCompile>
    <ClCompile Include="..\..\HexCtrl\src\CHexScroll.ixx">
      <Filter>HexCtrl\src</Filter>
    </ClCompile>
    <ClCompile Include="..\..\HexCtrl\src\HexUtility.ixx">
      <Filter>HexCtrl\src</Filter>
    </ClCompile>
    <ClCompile Include="..\..\HexCtrl\src\CHexCtrl.ixx">
      <Filter>HexCtrl\src</Filter>
    </ClCompile>
    <ClCompile Include="..\..\HexCtrl\src\dep\HexCtrl_ListEx.ixx">
      <Filter>HexCtrl\src\dep</Filter>
    </ClCompile>
    <ClCompile Include="..\..\HexCtrl\src\dep\HexCtrl_StrToNum.ixx">
      <Filter>HexCtrl\src\dep</Filter>
    </ClCompile>
  </ItemGroup>
  <ItemGroup>
    <ResourceCompile Include="Win32 App.rc">
      <Filter>Resource Files</Filter>
    </ResourceCompile>
    <ResourceCompile Include="..\..\HexCtrl\src\res\HexCtrl.rc">
      <Filter>HexCtrl\src\res</Filter>
    </ResourceCompile>
  </ItemGroup>
  <ItemGroup>
    <Image Include="small.ico">
      <Filter>Resource Files</Filter>
    </Image>
    <Image Include="Win32 App.ico">
      <Filter>Resource Files</Filter>
    </Image>
    <Image Include="..\..\HexCtrl\src\res\IDB_HEXCTRL_LOGO.bmp">
      <Filter>HexCtrl\src\res</Filter>
    </Image>
  </ItemGroup>
  <ItemGroup>
    <Manifest Include=".manifest" />
  </ItemGroup>
  <ItemGroup>
    <None Include="..\..\HexCtrl\src\res\IDJ_HEXCTRL_KEYBIND.json">
      <Filter>HexCtrl\src\res</Filter>
    </None>
  </ItemGroup>
</Project>