<?xml version="1.0" encoding="utf-8"?>
<Project ToolsVersion="4.0" xmlns="http://schemas.microsoft.com/developer/msbuild/2003">
  <ItemGroup>
    <Filter Include="Source Files">
      <UniqueIdentifier>{4FC737F1-C7A5-4376-A066-2A32D752A2FF}</UniqueIdentifier>
      <Extensions>cpp;c;cc;cxx;c++;cppm;ixx;def;odl;idl;hpj;bat;asm;asmx</Extensions>
    </Filter>
    <Filter Include="Header Files">
      <UniqueIdentifier>{93995380-89BD-4b04-88EB-625FBE52EBFB}</UniqueIdentifier>
      <Extensions>h;hh;hpp;hxx;h++;hm;inl;inc;ipp;xsd</Extensions>
    </Filter>
    <Filter Include="Resource Files">
      <UniqueIdentifier>{67DA6AB6-F800-4c08-8B7A-83BB121AAD01}</UniqueIdentifier>
      <Extensions>rc;ico;cur;bmp;dlg;rc2;rct;bin;rgs;gif;jpg;jpeg;jpe;resx;tiff;tif;png;wav;mfcribbon-ms</Extensions>
    </Filter>
    <Filter Include="HexCtrl">
      <UniqueIdentifier>{523b96df-49ed-44ea-b5e7-3591af510d58}</UniqueIdentifier>
    </Filter>
    <Filter Include="HexCtrl\src">
      <UniqueIdentifier>{685baee6-4512-413f-bcf2-c1ebbe93b3f9}</UniqueIdentifier>
    </Filter>
    <Filter Include="HexCtrl\src\Dialogs">
      <UniqueIdentifier>{32639cc3-1724-4d29-9099-40ca017a3c97}</UniqueIdentifier>
    </Filter>
    <Filter Include="HexCtrl\res">
      <UniqueIdentifier>{9d9bb1c9-bc37-423e-8625-c91b554980c8}</UniqueIdentifier>
    </Filter>
    <Filter Include="HexCtrl\dep">
      <UniqueIdentifier>{73807b1d-6961-403b-9e3c-aaf55d3341f9}</UniqueIdentifier>
    </Filter>
    <Filter Include="HexCtrl\dep\ListEx">
      <UniqueIdentifier>{e628395b-6562-456b-9ac3-4fd7117998ca}</UniqueIdentifier>
    </Filter>
    <Filter Include="HexCtrl\dep\StrToNum">
      <UniqueIdentifier>{0d0f1986-a68c-4f62-b082-3d5d7e387a15}</UniqueIdentifier>
    </Filter>
  </ItemGroup>
  <ItemGroup>
    <ClInclude Include="framework.h">
      <Filter>Header Files</Filter>
    </ClInclude>
    <ClInclude Include="targetver.h">
      <Filter>Header Files</Filter>
    </ClInclude>
    <ClInclude Include="Resource.h">
      <Filter>Header Files</Filter>
    </ClInclude>
    <ClInclude Include="Win32 App.h">
      <Filter>Header Files</Filter>
    </ClInclude>
    <ClInclude Include="stdafx.h">
      <Filter>Header Files</Filter>
    </ClInclude>
    <ClInclude Include="..\..\HexCtrl\HexCtrl.h">
      <Filter>HexCtrl</Filter>
    </ClInclude>
    <ClInclude Include="..\..\HexCtrl\src\CHexCtrl.h">
      <Filter>HexCtrl\src</Filter>
    </ClInclude>
    <ClInclude Include="..\..\HexCtrl\src\Dialogs\CHexDlgBkmMgr.h">
      <Filter>HexCtrl\src\Dialogs</Filter>
    </ClInclude>
    <ClInclude Include="..\..\HexCtrl\src\Dialogs\CHexDlgDataInterp.h">
      <Filter>HexCtrl\src\Dialogs</Filter>
    </ClInclude>
    <ClInclude Include="..\..\HexCtrl\src\Dialogs\CHexDlgCodepage.h">
      <Filter>HexCtrl\src\Dialogs</Filter>
    </ClInclude>
    <ClInclude Include="..\..\HexCtrl\src\Dialogs\CHexDlgGoTo.h">
      <Filter>HexCtrl\src\Dialogs</Filter>
    </ClInclude>
    <ClInclude Include="..\..\HexCtrl\src\Dialogs\CHexDlgModify.h">
      <Filter>HexCtrl\src\Dialogs</Filter>
    </ClInclude>
    <ClInclude Include="..\..\HexCtrl\src\Dialogs\CHexDlgSearch.h">
      <Filter>HexCtrl\src\Dialogs</Filter>
    </ClInclude>
    <ClInclude Include="..\..\HexCtrl\src\Dialogs\CHexDlgTemplMgr.h">
      <Filter>HexCtrl\src\Dialogs</Filter>
    </ClInclude>
    <ClInclude Include="..\..\HexCtrl\res\HexCtrlRes.h">
      <Filter>HexCtrl\res</Filter>
    </ClInclude>
  </ItemGroup>
  <ItemGroup>
    <ClCompile Include="Win32 App.cpp">
      <Filter>Source Files</Filter>
    </ClCompile>
    <ClCompile Include="stdafx.cpp">
      <Filter>Source Files</Filter>
    </ClCompile>
    <ClCompile Include="..\..\HexCtrl\src\CHexSelection.ixx">
      <Filter>HexCtrl\src</Filter>
    </ClCompile>
    <ClCompile Include="..\..\HexCtrl\src\CHexScroll.ixx">
      <Filter>HexCtrl\src</Filter>
    </ClCompile>
    <ClCompile Include="..\..\HexCtrl\src\HexUtility.ixx">
      <Filter>HexCtrl\src</Filter>
    </ClCompile>
    <ClCompile Include="..\..\HexCtrl\src\CHexCtrl.cpp">
      <Filter>HexCtrl\src</Filter>
    </ClCompile>
    <ClCompile Include="..\..\HexCtrl\src\Dialogs\CHexDlgBkmMgr.cpp">
      <Filter>HexCtrl\src\Dialogs</Filter>
    </ClCompile>
    <ClCompile Include="..\..\HexCtrl\src\Dialogs\CHexDlgProgress.ixx">
      <Filter>HexCtrl\src\Dialogs</Filter>
    </ClCompile>
    <ClCompile Include="..\..\HexCtrl\src\Dialogs\CHexDlgDataInterp.cpp">
      <Filter>HexCtrl\src\Dialogs</Filter>
    </ClCompile>
    <ClCompile Include="..\..\HexCtrl\src\Dialogs\CHexDlgCodepage.cpp">
      <Filter>HexCtrl\src\Dialogs</Filter>
    </ClCompile>
    <ClCompile Include="..\..\HexCtrl\src\Dialogs\CHexDlgGoTo.cpp">
      <Filter>HexCtrl\src\Dialogs</Filter>
    </ClCompile>
    <ClCompile Include="..\..\HexCtrl\src\Dialogs\CHexDlgModify.cpp">
      <Filter>HexCtrl\src\Dialogs</Filter>
    </ClCompile>
    <ClCompile Include="..\..\HexCtrl\src\Dialogs\CHexDlgSearch.cpp">
      <Filter>HexCtrl\src\Dialogs</Filter>
    </ClCompile>
    <ClCompile Include="..\..\HexCtrl\src\Dialogs\CHexDlgTemplMgr.cpp">
      <Filter>HexCtrl\src\Dialogs</Filter>
    </ClCompile>
    <ClCompile Include="..\..\HexCtrl\dep\ListEx\ListEx.ixx">
      <Filter>HexCtrl\dep\ListEx</Filter>
    </ClCompile>
    <ClCompile Include="..\..\HexCtrl\dep\StrToNum\StrToNum.ixx">
      <Filter>HexCtrl\dep\StrToNum</Filter>
    </ClCompile>
  </ItemGroup>
  <ItemGroup>
    <ResourceCompile Include="Win32 App.rc">
      <Filter>Resource Files</Filter>
    </ResourceCompile>
    <ResourceCompile Include="..\..\HexCtrl\res\HexCtrl.rc">
      <Filter>HexCtrl\res</Filter>
    </ResourceCompile>
  </ItemGroup>
  <ItemGroup>
    <Image Include="small.ico">
      <Filter>Resource Files</Filter>
    </Image>
    <Image Include="Win32 App.ico">
      <Filter>Resource Files</Filter>
    </Image>
    <Image Include="..\..\HexCtrl\res\IDB_HEXCTRL_BKMS.bmp">
      <Filter>HexCtrl\res</Filter>
    </Image>
    <Image Include="..\..\HexCtrl\res\IDB_HEXCTRL_CLPBRD_COPYHEX.bmp">
      <Filter>HexCtrl\res</Filter>
    </Image>
    <Image Include="..\..\HexCtrl\res\IDB_HEXCTRL_CLPBRD_PASTEHEX.bmp">
      <Filter>HexCtrl\res</Filter>
    </Image>
    <Image Include="..\..\HexCtrl\res\IDB_HEXCTRL_DATAINTERP.bmp">
      <Filter>HexCtrl\res</Filter>
    </Image>
    <Image Include="..\..\HexCtrl\res\IDB_HEXCTRL_FONTCHOOSE.bmp">
      <Filter>HexCtrl\res</Filter>
    </Image>
    <Image Include="..\..\HexCtrl\res\IDB_HEXCTRL_GROUP.bmp">
      <Filter>HexCtrl\res</Filter>
    </Image>
    <Image Include="..\..\HexCtrl\res\IDB_HEXCTRL_LOGO.bmp">
      <Filter>HexCtrl\res</Filter>
    </Image>
    <Image Include="..\..\HexCtrl\res\IDB_HEXCTRL_MODIFY.bmp">
      <Filter>HexCtrl\res</Filter>
    </Image>
    <Image Include="..\..\HexCtrl\res\IDB_HEXCTRL_MODIFY_FILLZEROS.bmp">
      <Filter>HexCtrl\res</Filter>
    </Image>
    <Image Include="..\..\HexCtrl\res\IDB_HEXCTRL_SCROLL_ARROW.bmp">
      <Filter>HexCtrl\res</Filter>
    </Image>
    <Image Include="..\..\HexCtrl\res\IDB_HEXCTRL_SEARCH.bmp">
      <Filter>HexCtrl\res</Filter>
    </Image>
  </ItemGroup>
  <ItemGroup>
    <None Include="..\..\HexCtrl\res\IDJ_HEXCTRL_KEYBIND.json">
      <Filter>HexCtrl\res</Filter>
    </None>
  </ItemGroup>
</Project>