<?xml version="1.0" encoding="utf-8"?>
<Project ToolsVersion="4.0" xmlns="http://schemas.microsoft.com/developer/msbuild/2003">
  <ItemGroup>
    <Filter Include="Source Files">
      <UniqueIdentifier>{4FC737F1-C7A5-4376-A066-2A32D752A2FF}</UniqueIdentifier>
      <Extensions>cpp;c;cc;cxx;def;odl;idl;hpj;bat;asm;asmx</Extensions>
    </Filter>
    <Filter Include="Header Files">
      <UniqueIdentifier>{93995380-89BD-4b04-88EB-625FBE52EBFB}</UniqueIdentifier>
      <Extensions>h;hh;hpp;hxx;hm;inl;inc;ipp;xsd</Extensions>
    </Filter>
    <Filter Include="Resource Files">
      <UniqueIdentifier>{67DA6AB6-F800-4c08-8B7A-83BB121AAD01}</UniqueIdentifier>
      <Extensions>rc;ico;cur;bmp;dlg;rc2;rct;bin;rgs;gif;jpg;jpeg;jpe;resx;tiff;tif;png;wav;mfcribbon-ms</Extensions>
    </Filter>
    <Filter Include="HexCtrl">
      <UniqueIdentifier>{9a7280e1-6400-43d6-82e0-d98a92479886}</UniqueIdentifier>
    </Filter>
    <Filter Include="HexCtrl\src">
      <UniqueIdentifier>{6d6e15d8-01fb-4fbd-b508-87f8ca140c2c}</UniqueIdentifier>
    </Filter>
    <Filter Include="HexCtrl\src\Dialogs">
      <UniqueIdentifier>{0e23f8b7-7c7c-4f09-b23e-d5a6d6819cc2}</UniqueIdentifier>
    </Filter>
    <Filter Include="HexCtrl\res">
      <UniqueIdentifier>{0d2c1b00-d2fc-4916-80f8-5a9bc675bc5e}</UniqueIdentifier>
    </Filter>
    <Filter Include="HexCtrl\dep">
      <UniqueIdentifier>{5f04cbad-b109-4199-9380-174f3c8fd381}</UniqueIdentifier>
    </Filter>
    <Filter Include="HexCtrl\dep\ListEx">
      <UniqueIdentifier>{66af07d3-f38d-40e2-84ea-5df2028596e3}</UniqueIdentifier>
    </Filter>
    <Filter Include="HexCtrl\dep\StrToNum">
      <UniqueIdentifier>{3938d58c-de24-4fc0-ac06-88d0bafcc396}</UniqueIdentifier>
    </Filter>
  </ItemGroup>
  <ItemGroup>
    <ClCompile Include="..\MFC Dialog\stdafx.cpp">
      <Filter>Source Files</Filter>
    </ClCompile>
    <ClCompile Include="..\..\HexCtrl\src\CHexSelection.ixx">
      <Filter>HexCtrl\src</Filter>
    </ClCompile>
    <ClCompile Include="..\..\HexCtrl\src\CHexScroll.ixx">
      <Filter>HexCtrl\src</Filter>
    </ClCompile>
    <ClCompile Include="..\..\HexCtrl\src\HexUtility.ixx">
      <Filter>HexCtrl\src</Filter>
    </ClCompile>
    <ClCompile Include="..\..\HexCtrl\src\CHexCtrl.ixx">
      <Filter>HexCtrl\src</Filter>
    </ClCompile>
    <ClCompile Include="..\..\HexCtrl\src\Dialogs\CHexDlgBkmMgr.ixx">
      <Filter>HexCtrl\src\Dialogs</Filter>
    </ClCompile>
    <ClCompile Include="..\..\HexCtrl\src\Dialogs\CHexDlgProgress.ixx">
      <Filter>HexCtrl\src\Dialogs</Filter>
    </ClCompile>
    <ClCompile Include="..\..\HexCtrl\src\Dialogs\CHexDlgDataInterp.ixx">
      <Filter>HexCtrl\src\Dialogs</Filter>
    </ClCompile>
    <ClCompile Include="..\..\HexCtrl\src\Dialogs\CHexDlgCodepage.ixx">
      <Filter>HexCtrl\src\Dialogs</Filter>
    </ClCompile>
    <ClCompile Include="..\..\HexCtrl\src\Dialogs\CHexDlgGoTo.ixx">
      <Filter>HexCtrl\src\Dialogs</Filter>
    </ClCompile>
    <ClCompile Include="..\..\HexCtrl\src\Dialogs\CHexDlgModify.ixx">
      <Filter>HexCtrl\src\Dialogs</Filter>
    </ClCompile>
    <ClCompile Include="..\..\HexCtrl\src\Dialogs\CHexDlgSearch.ixx">
      <Filter>HexCtrl\src\Dialogs</Filter>
    </ClCompile>
    <ClCompile Include="..\..\HexCtrl\src\Dialogs\CHexDlgTemplMgr.ixx">
      <Filter>HexCtrl\src\Dialogs</Filter>
    </ClCompile>
    <ClCompile Include="..\..\HexCtrl\dep\ListEx\ListEx.ixx">
      <Filter>HexCtrl\dep\ListEx</Filter>
    </ClCompile>
    <ClCompile Include="..\..\HexCtrl\dep\StrToNum\StrToNum.ixx">
      <Filter>HexCtrl\dep\StrToNum</Filter>
    </ClCompile>
  </ItemGroup>
  <ItemGroup>
    <ClInclude Include="..\..\HexCtrl\HexCtrl.h">
      <Filter>HexCtrl</Filter>
    </ClInclude>
    <ClInclude Include="..\..\HexCtrl\res\HexCtrlRes.h">
      <Filter>HexCtrl\res</Filter>
    </ClInclude>
  </ItemGroup>
  <ItemGroup>
    <ResourceCompile Include="..\..\HexCtrl\res\HexCtrl.rc">
      <Filter>HexCtrl\res</Filter>
    </ResourceCompile>
  </ItemGroup>
  <ItemGroup>
    <Image Include="..\..\HexCtrl\res\IDB_HEXCTRL_BKMS.bmp">
      <Filter>HexCtrl\res</Filter>
    </Image>
    <Image Include="..\..\HexCtrl\res\IDB_HEXCTRL_CLPBRD_COPYHEX.bmp">
      <Filter>HexCtrl\res</Filter>
    </Image>
    <Image Include="..\..\HexCtrl\res\IDB_HEXCTRL_CLPBRD_PASTEHEX.bmp">
      <Filter>HexCtrl\res</Filter>
    </Image>
    <Image Include="..\..\HexCtrl\res\IDB_HEXCTRL_DATAINTERP.bmp">
      <Filter>HexCtrl\res</Filter>
    </Image>
    <Image Include="..\..\HexCtrl\res\IDB_HEXCTRL_FONTCHOOSE.bmp">
      <Filter>HexCtrl\res</Filter>
    </Image>
    <Image Include="..\..\HexCtrl\res\IDB_HEXCTRL_GROUP.bmp">
      <Filter>HexCtrl\res</Filter>
    </Image>
    <Image Include="..\..\HexCtrl\res\IDB_HEXCTRL_LOGO.bmp">
      <Filter>HexCtrl\res</Filter>
    </Image>
    <Image Include="..\..\HexCtrl\res\IDB_HEXCTRL_MODIFY.bmp">
      <Filter>HexCtrl\res</Filter>
    </Image>
    <Image Include="..\..\HexCtrl\res\IDB_HEXCTRL_MODIFY_FILLZEROS.bmp">
      <Filter>HexCtrl\res</Filter>
    </Image>
    <Image Include="..\..\HexCtrl\res\IDB_HEXCTRL_SCROLL_ARROW.bmp">
      <Filter>HexCtrl\res</Filter>
    </Image>
    <Image Include="..\..\HexCtrl\res\IDB_HEXCTRL_SEARCH.bmp">
      <Filter>HexCtrl\res</Filter>
    </Image>
  </ItemGroup>
  <ItemGroup>
    <None Include="..\..\HexCtrl\res\IDJ_HEXCTRL_KEYBIND.json">
      <Filter>HexCtrl\res</Filter>
    </None>
  </ItemGroup>
</Project>