<?xml version="1.0" encoding="utf-8"?>
<Project ToolsVersion="4.0" xmlns="http://schemas.microsoft.com/developer/msbuild/2003">
  <ItemGroup>
    <Filter Include="Source Files">
      <UniqueIdentifier>{4FC737F1-C7A5-4376-A066-2A32D752A2FF}</UniqueIdentifier>
      <Extensions>cpp;c;cc;cxx;def;odl;idl;hpj;bat;asm;asmx</Extensions>
    </Filter>
    <Filter Include="Header Files">
      <UniqueIdentifier>{93995380-89BD-4b04-88EB-625FBE52EBFB}</UniqueIdentifier>
      <Extensions>h;hh;hpp;hxx;hm;inl;inc;ipp;xsd</Extensions>
    </Filter>
    <Filter Include="Resource Files">
      <UniqueIdentifier>{67DA6AB6-F800-4c08-8B7A-83BB121AAD01}</UniqueIdentifier>
      <Extensions>rc;ico;cur;bmp;dlg;rc2;rct;bin;rgs;gif;jpg;jpeg;jpe;resx;tiff;tif;png;wav;mfcribbon-ms</Extensions>
    </Filter>
    <Filter Include="HexCtrl">
      <UniqueIdentifier>{8b40e28d-bd97-4bad-803e-f4604deaba66}</UniqueIdentifier>
    </Filter>
    <Filter Include="HexCtrl\src">
      <UniqueIdentifier>{c2907191-ce39-42ab-b27e-00e4ffd253ef}</UniqueIdentifier>
    </Filter>
    <Filter Include="HexCtrl\src\res">
      <UniqueIdentifier>{4747f142-8bad-4738-9011-a3d157770b0b}</UniqueIdentifier>
    </Filter>
    <Filter Include="HexCtrl\src\dep">
      <UniqueIdentifier>{68e80a74-60c8-464e-9d6d-caeb596e6991}</UniqueIdentifier>
    </Filter>
  </ItemGroup>
  <ItemGroup>
    <ClInclude Include="..\..\HexCtrl\HexCtrl.h">
      <Filter>HexCtrl</Filter>
    </ClInclude>
    <ClInclude Include="..\..\HexCtrl\src\res\HexCtrlRes.h">
      <Filter>HexCtrl\src\res</Filter>
    </ClInclude>
  </ItemGroup>
  <ItemGroup>
    <ClCompile Include="..\..\HexCtrl\src\CHexDlgBkmMgr.ixx">
      <Filter>HexCtrl\src</Filter>
    </ClCompile>
    <ClCompile Include="..\..\HexCtrl\src\CHexDlgCodepage.ixx">
      <Filter>HexCtrl\src</Filter>
    </ClCompile>
    <ClCompile Include="..\..\HexCtrl\src\CHexDlgDataInterp.ixx">
      <Filter>HexCtrl\src</Filter>
    </ClCompile>
    <ClCompile Include="..\..\HexCtrl\src\CHexDlgGoTo.ixx">
      <Filter>HexCtrl\src</Filter>
    </ClCompile>
    <ClCompile Include="..\..\HexCtrl\src\CHexDlgModify.ixx">
      <Filter>HexCtrl\src</Filter>
    </ClCompile>
    <ClCompile Include="..\..\HexCtrl\src\CHexDlgProgress.ixx">
      <Filter>HexCtrl\src</Filter>
    </ClCompile>
    <ClCompile Include="..\..\HexCtrl\src\CHexDlgSearch.ixx">
      <Filter>HexCtrl\src</Filter>
    </ClCompile>
    <ClCompile Include="..\..\HexCtrl\src\CHexDlgTemplMgr.ixx">
      <Filter>HexCtrl\src</Filter>
    </ClCompile>
    <ClCompile Include="..\..\HexCtrl\src\CHexSelection.ixx">
      <Filter>HexCtrl\src</Filter>
    </ClCompile>
    <ClCompile Include="..\..\HexCtrl\src\CHexScroll.ixx">
      <Filter>HexCtrl\src</Filter>
    </ClCompile>
    <ClCompile Include="..\..\HexCtrl\src\HexUtility.ixx">
      <Filter>HexCtrl\src</Filter>
    </ClCompile>
    <ClCompile Include="..\..\HexCtrl\src\CHexCtrl.ixx">
      <Filter>HexCtrl\src</Filter>
    </ClCompile>
    <ClCompile Include="..\..\HexCtrl\src\dep\HexCtrl_ListEx.ixx">
      <Filter>HexCtrl\src\dep</Filter>
    </ClCompile>
    <ClCompile Include="..\..\HexCtrl\src\dep\HexCtrl_StrToNum.ixx">
      <Filter>HexCtrl\src\dep</Filter>
    </ClCompile>
  </ItemGroup>
  <ItemGroup>
    <ResourceCompile Include="..\..\HexCtrl\src\res\HexCtrl.rc">
      <Filter>HexCtrl\src\res</Filter>
    </ResourceCompile>
  </ItemGroup>
  <ItemGroup>
    <Image Include="..\..\HexCtrl\src\res\IDB_HEXCTRL_BKMS.bmp">
      <Filter>HexCtrl\src\res</Filter>
    </Image>
    <Image Include="..\..\HexCtrl\src\res\IDB_HEXCTRL_CLPBRD_COPYHEX.bmp">
      <Filter>HexCtrl\src\res</Filter>
    </Image>
    <Image Include="..\..\HexCtrl\src\res\IDB_HEXCTRL_CLPBRD_PASTEHEX.bmp">
      <Filter>HexCtrl\src\res</Filter>
    </Image>
    <Image Include="..\..\HexCtrl\src\res\IDB_HEXCTRL_FONTCHOOSE.bmp">
      <Filter>HexCtrl\src\res</Filter>
    </Image>
    <Image Include="..\..\HexCtrl\src\res\IDB_HEXCTRL_GROUP.bmp">
      <Filter>HexCtrl\src\res</Filter>
    </Image>
    <Image Include="..\..\HexCtrl\src\res\IDB_HEXCTRL_LOGO.bmp">
      <Filter>HexCtrl\src\res</Filter>
    </Image>
    <Image Include="..\..\HexCtrl\src\res\IDB_HEXCTRL_MODIFY.bmp">
      <Filter>HexCtrl\src\res</Filter>
    </Image>
    <Image Include="..\..\HexCtrl\src\res\IDB_HEXCTRL_MODIFY_FILLZEROS.bmp">
      <Filter>HexCtrl\src\res</Filter>
    </Image>
    <Image Include="..\..\HexCtrl\src\res\IDB_HEXCTRL_SEARCH.bmp">
      <Filter>HexCtrl\src\res</Filter>
    </Image>
  </ItemGroup>
  <ItemGroup>
    <None Include="..\..\HexCtrl\src\res\IDJ_HEXCTRL_KEYBIND.json">
      <Filter>HexCtrl\src\res</Filter>
    </None>
  </ItemGroup>
</Project>