
Microsoft Visual Studio Solution File, Format Version 12.00
# Visual Studio Version 16
VisualStudioVersion = 16.0.29102.190
MinimumVisualStudioVersion = 10.0.40219.1
Project("{8BC9CEB8-8B4A-11D0-8D11-00A0C91BC942}") = "Sample Project", "Sample Project\Sample Project.vcxproj", "{780C336D-23D1-4A79-A0DA-E6296E63C8A0}"
EndProject
Project("{8BC9CEB8-8B4A-11D0-8D11-00A0C91BC942}") = "DLL Project", "DLL Project\DLL Project.vcxproj", "{557B0ABE-E81A-4BD1-AD98-DC68F44D9A0D}"
EndProject
Global
	GlobalSection(SolutionConfigurationPlatforms) = preSolution
		Debug|x64 = Debug|x64
		Debug|x86 = Debug|x86
		Release|x64 = Release|x64
		Release|x86 = Release|x86
	EndGlobalSection
	GlobalSection(ProjectConfigurationPlatforms) = postSolution
		{780C336D-23D1-4A79-A0DA-E6296E63C8A0}.Debug|x64.ActiveCfg = Debug|x64
		{780C336D-23D1-4A79-A0DA-E6296E63C8A0}.Debug|x64.Build.0 = Debug|x64
		{780C336D-23D1-4A79-A0DA-E6296E63C8A0}.Debug|x86.ActiveCfg = Debug|Win32
		{780C336D-23D1-4A79-A0DA-E6296E63C8A0}.Debug|x86.Build.0 = Debug|Win32
		{780C336D-23D1-4A79-A0DA-E6296E63C8A0}.Release|x64.ActiveCfg = Release|x64
		{780C336D-23D1-4A79-A0DA-E6296E63C8A0}.Release|x64.Build.0 = Release|x64
		{780C336D-23D1-4A79-A0DA-E6296E63C8A0}.Release|x86.ActiveCfg = Release|Win32
		{780C336D-23D1-4A79-A0DA-E6296E63C8A0}.Release|x86.Build.0 = Release|Win32
		{557B0ABE-E81A-4BD1-AD98-DC68F44D9A0D}.Debug|x64.ActiveCfg = Debug|x64
		{557B0ABE-E81A-4BD1-AD98-DC68F44D9A0D}.Debug|x86.ActiveCfg = Debug|Win32
		{557B0ABE-E81A-4BD1-AD98-DC68F44D9A0D}.Release|x64.ActiveCfg = Release|x64
		{557B0ABE-E81A-4BD1-AD98-DC68F44D9A0D}.Release|x86.ActiveCfg = Release|Win32
	EndGlobalSection
	GlobalSection(SolutionProperties) = preSolution
		HideSolutionNode = FALSE
	EndGlobalSection
	GlobalSection(ExtensibilityGlobals) = postSolution
		SolutionGuid = {C9A1C129-6849-4F26-A07B-7C0C2A6B6A2D}
	EndGlobalSection
EndGlobal
